
Microsoft Visual Studio Solution File, Format Version 12.00
# Visual Studio Version 17
VisualStudioVersion = 17.5.33530.505
MinimumVisualStudioVersion = 10.0.40219.1
Project("{FAE04EC0-301F-11D3-BF4B-00C04F79EFBC}") = "Hospital", "Hospital\Hospital.csproj", "{C637D282-6B66-495B-9B29-66FFAEF84A54}"
EndProject
Global
	GlobalSection(SolutionConfigurationPlatforms) = preSolution
		Debug|Any CPU = Debug|Any CPU
		Release|Any CPU = Release|Any CPU
	EndGlobalSection
	GlobalSection(ProjectConfigurationPlatforms) = postSolution
		{C637D282-6B66-495B-9B29-66FFAEF84A54}.Debug|Any CPU.ActiveCfg = Debug|Any CPU
		{C637D282-6B66-495B-9B29-66FFAEF84A54}.Debug|Any CPU.Build.0 = Debug|Any CPU
		{C637D282-6B66-495B-9B29-66FFAEF84A54}.Release|Any CPU.ActiveCfg = Release|Any CPU
		{C637D282-6B66-495B-9B29-66FFAEF84A54}.Release|Any CPU.Build.0 = Release|Any CPU
	EndGlobalSection
	GlobalSection(SolutionProperties) = preSolution
		HideSolutionNode = FALSE
	EndGlobalSection
	GlobalSection(ExtensibilityGlobals) = postSolution
		SolutionGuid = {1396EE2A-40E3-4B08-9965-E70AF453D976}
	EndGlobalSection
EndGlobal
